<?xml version="1.0" encoding="UTF-8" standalone="yes" ?>
<CodeBlocks_project_file>
	<FileVersion major="1" minor="6" />
	<Project>
		<Option title="WolfGB" />
		<Option pch_mode="2" />
		<Option compiler="gcc" />
		<Build>
			<Target title="Debug">
				<Option output="bin/Debug/WolfGB" prefix_auto="1" extension_auto="1" />
				<Option object_output="obj/Debug/" />
				<Option type="1" />
				<Option compiler="gcc" />
				<Compiler>
					<Add option="-std=c++11" />
					<Add option="-g" />
					<Add directory="src" />
					<Add directory="src/Z80" />
					<Add directory="src/Memory" />
				</Compiler>
			</Target>
			<Target title="Release">
				<Option output="bin/Release/WolfGB" prefix_auto="1" extension_auto="1" />
				<Option object_output="obj/Release/" />
				<Option type="1" />
				<Option compiler="gcc" />
				<Compiler>
					<Add option="-O2" />
					<Add directory="src" />
					<Add directory="src/CPU" />
					<Add directory="src/Memory" />
				</Compiler>
				<Linker>
					<Add option="-s" />
				</Linker>
			</Target>
		</Build>
		<Compiler>
			<Add option="-Wall" />
			<Add option="-fexceptions" />
			<Add directory="F:/Users/Saintwolf/Documents/Programming/SDL2-2.0.3/i686-w64-mingw32/include/SDL2" />
		</Compiler>
		<Linker>
			<Add option="-lmingw32 -lSDL2main -lSDL2" />
			<Add directory="F:/Users/Saintwolf/Documents/Programming/SDL2-2.0.3/i686-w64-mingw32/lib" />
		</Linker>
		<Unit filename=".gitignore" />
		<Unit filename="src/GPU/GPU.cpp" />
		<Unit filename="src/GPU/GPU.h" />
		<Unit filename="src/Memory/IORegisters.h" />
		<Unit filename="src/Memory/MMU.cpp" />
		<Unit filename="src/Memory/MMU.h" />
		<Unit filename="src/Memory/MemorySizes.h" />
		<Unit filename="src/Z80/Instructions.cpp" />
		<Unit filename="src/Z80/Instructions.h" />
		<Unit filename="src/Z80/Registers.cpp" />
		<Unit filename="src/Z80/Registers.h" />
		<Unit filename="src/Z80/Z80.cpp" />
		<Unit filename="src/Z80/Z80.h" />
		<Unit filename="src/main.cpp" />
		<Extensions>
			<code_completion />
			<envvars />
			<debugger />
			<lib_finder disable_auto="1" />
			<DoxyBlocks>
				<comment_style block="0" line="0" />
				<doxyfile_project />
				<doxyfile_build />
				<doxyfile_warnings />
				<doxyfile_output />
				<doxyfile_dot />
				<general use_at_in_tags="1" />
			</DoxyBlocks>
		</Extensions>
	</Project>
</CodeBlocks_project_file>
